
Microsoft Visual Studio Solution File, Format Version 12.00
# Visual Studio Version 16
VisualStudioVersion = 16.0.31129.286
MinimumVisualStudioVersion = 10.0.40219.1
Project("{FAE04EC0-301F-11D3-BF4B-00C04F79EFBC}") = "PushBoxs", "PushBoxs.csproj", "{525D62CA-19C7-4DF6-879B-677A9066CA86}"
EndProject
Project("{54435603-DBB4-11D2-8724-00A0C9A8B90C}") = "pushbox", "..\pushbox\pushbox.vdproj", "{4A971D63-6ED9-44AC-B5F7-78D03F45A4D0}"
EndProject
Global
	GlobalSection(SolutionConfigurationPlatforms) = preSolution
		Debug|Any CPU = Debug|Any CPU
		Release|Any CPU = Release|Any CPU
	EndGlobalSection
	GlobalSection(ProjectConfigurationPlatforms) = postSolution
		{525D62CA-19C7-4DF6-879B-677A9066CA86}.Debug|Any CPU.ActiveCfg = Debug|Any CPU
		{525D62CA-19C7-4DF6-879B-677A9066CA86}.Debug|Any CPU.Build.0 = Debug|Any CPU
		{525D62CA-19C7-4DF6-879B-677A9066CA86}.Release|Any CPU.ActiveCfg = Release|Any CPU
		{525D62CA-19C7-4DF6-879B-677A9066CA86}.Release|Any CPU.Build.0 = Release|Any CPU
		{4A971D63-6ED9-44AC-B5F7-78D03F45A4D0}.Debug|Any CPU.ActiveCfg = Debug
		{4A971D63-6ED9-44AC-B5F7-78D03F45A4D0}.Release|Any CPU.ActiveCfg = Release
	EndGlobalSection
	GlobalSection(SolutionProperties) = preSolution
		HideSolutionNode = FALSE
	EndGlobalSection
	GlobalSection(ExtensibilityGlobals) = postSolution
		SolutionGuid = {DB8E4AFD-5BFF-421D-A3E9-0A12EDC34CDA}
	EndGlobalSection
EndGlobal
